{
    "version": 3,
    "terraform_version": "0.9.3",
    "serial": 17,
    "lineage": "a8598cd9-0ad9-47bd-b37b-ae54e098c33d",
    "modules": [
        {
            "path": [
                "root"
            ],
            "outputs": {
                "bastion": {
                    "sensitive": false,
                    "type": "string",
                    "value": "52.210.81.57"
                },
                "classroom": {
                    "sensitive": false,
                    "type": "list",
                    "value": [
                        "10.100.1.153",
                        "10.100.1.231"
                    ]
                }
            },
            "resources": {
                "aws_instance.bastion": {
                    "type": "aws_instance",
                    "depends_on": [
                        "aws_security_group.bastions",
                        "aws_subnet.public_subnet"
                    ],
                    "primary": {
                        "id": "i-09678c511e822584e",
                        "attributes": {
                            "ami": "ami-e079f893",
                            "associate_public_ip_address": "true",
                            "availability_zone": "eu-west-1a",
                            "disable_api_termination": "false",
                            "ebs_block_device.#": "0",
                            "ebs_optimized": "false",
                            "ephemeral_block_device.#": "0",
                            "iam_instance_profile": "",
                            "id": "i-09678c511e822584e",
                            "instance_state": "running",
                            "instance_type": "t2.micro",
                            "ipv6_address_count": "0",
                            "ipv6_addresses.#": "0",
                            "key_name": "amaury_aws",
                            "monitoring": "false",
                            "network_interface_id": "eni-f0ba3cfc",
                            "private_dns": "ip-10-100-1-34.eu-west-1.compute.internal",
                            "private_ip": "10.100.1.34",
                            "public_dns": "ec2-52-210-81-57.eu-west-1.compute.amazonaws.com",
                            "public_ip": "52.210.81.57",
                            "root_block_device.#": "1",
                            "root_block_device.0.delete_on_termination": "true",
                            "root_block_device.0.iops": "100",
                            "root_block_device.0.volume_size": "8",
                            "root_block_device.0.volume_type": "gp2",
                            "security_groups.#": "0",
                            "source_dest_check": "true",
                            "subnet_id": "subnet-070c325f",
                            "tags.%": "1",
                            "tags.Name": "training-training-eu-west-1a",
                            "tenancy": "default",
                            "vpc_security_group_ids.#": "1",
                            "vpc_security_group_ids.695162175": "sg-4a4b2033"
                        },
                        "meta": {
                            "schema_version": "1"
                        },
                        "tainted": false
                    },
                    "deposed": [],
                    "provider": ""
                },
                "aws_instance.classroom.0": {
                    "type": "aws_instance",
                    "depends_on": [
                        "aws_security_group.web_front",
                        "aws_subnet.public_subnet"
                    ],
                    "primary": {
                        "id": "i-001b509c9862837d0",
                        "attributes": {
                            "ami": "ami-e079f893",
                            "associate_public_ip_address": "true",
                            "availability_zone": "eu-west-1a",
                            "disable_api_termination": "false",
                            "ebs_block_device.#": "0",
                            "ebs_optimized": "false",
                            "ephemeral_block_device.#": "0",
                            "iam_instance_profile": "",
                            "id": "i-001b509c9862837d0",
                            "instance_state": "running",
                            "instance_type": "t2.micro",
                            "ipv6_address_count": "0",
                            "ipv6_addresses.#": "0",
                            "key_name": "amaury_aws",
                            "monitoring": "false",
                            "network_interface_id": "eni-26b93f2a",
                            "private_dns": "ip-10-100-1-153.eu-west-1.compute.internal",
                            "private_ip": "10.100.1.153",
                            "public_dns": "ec2-34-252-50-185.eu-west-1.compute.amazonaws.com",
                            "public_ip": "34.252.50.185",
                            "root_block_device.#": "1",
                            "root_block_device.0.delete_on_termination": "true",
                            "root_block_device.0.iops": "100",
                            "root_block_device.0.volume_size": "8",
                            "root_block_device.0.volume_type": "gp2",
                            "security_groups.#": "0",
                            "source_dest_check": "true",
                            "subnet_id": "subnet-070c325f",
                            "tags.%": "1",
                            "tags.Name": "training-0-eu-west-1a",
                            "tenancy": "default",
                            "vpc_security_group_ids.#": "1",
                            "vpc_security_group_ids.529879043": "sg-f74b208e"
                        },
                        "meta": {
                            "schema_version": "1"
                        },
                        "tainted": false
                    },
                    "deposed": [],
                    "provider": ""
                },
                "aws_instance.classroom.1": {
                    "type": "aws_instance",
                    "depends_on": [
                        "aws_security_group.web_front",
                        "aws_subnet.public_subnet"
                    ],
                    "primary": {
                        "id": "i-0f4e56d68e8c3cc37",
                        "attributes": {
                            "ami": "ami-e079f893",
                            "associate_public_ip_address": "true",
                            "availability_zone": "eu-west-1a",
                            "disable_api_termination": "false",
                            "ebs_block_device.#": "0",
                            "ebs_optimized": "false",
                            "ephemeral_block_device.#": "0",
                            "iam_instance_profile": "",
                            "id": "i-0f4e56d68e8c3cc37",
                            "instance_state": "running",
                            "instance_type": "t2.micro",
                            "ipv6_address_count": "0",
                            "ipv6_addresses.#": "0",
                            "key_name": "amaury_aws",
                            "monitoring": "false",
                            "network_interface_id": "eni-27b93f2b",
                            "private_dns": "ip-10-100-1-231.eu-west-1.compute.internal",
                            "private_ip": "10.100.1.231",
                            "public_dns": "ec2-52-49-113-15.eu-west-1.compute.amazonaws.com",
                            "public_ip": "52.49.113.15",
                            "root_block_device.#": "1",
                            "root_block_device.0.delete_on_termination": "true",
                            "root_block_device.0.iops": "100",
                            "root_block_device.0.volume_size": "8",
                            "root_block_device.0.volume_type": "gp2",
                            "security_groups.#": "0",
                            "source_dest_check": "true",
                            "subnet_id": "subnet-070c325f",
                            "tags.%": "1",
                            "tags.Name": "training-1-eu-west-1a",
                            "tenancy": "default",
                            "vpc_security_group_ids.#": "1",
                            "vpc_security_group_ids.529879043": "sg-f74b208e"
                        },
                        "meta": {
                            "schema_version": "1"
                        },
                        "tainted": false
                    },
                    "deposed": [],
                    "provider": ""
                },
                "aws_internet_gateway.gw": {
                    "type": "aws_internet_gateway",
                    "depends_on": [
                        "aws_vpc.vpc"
                    ],
                    "primary": {
                        "id": "igw-02c35966",
                        "attributes": {
                            "id": "igw-02c35966",
                            "tags.%": "1",
                            "tags.Name": "InternetGateway",
                            "vpc_id": "vpc-a49464c3"
                        },
                        "meta": {},
                        "tainted": false
                    },
                    "deposed": [],
                    "provider": ""
                },
                "aws_route.internet_access": {
                    "type": "aws_route",
                    "depends_on": [
                        "aws_internet_gateway.gw",
                        "aws_vpc.vpc"
                    ],
                    "primary": {
                        "id": "r-rtb-5899ec3f1080289494",
                        "attributes": {
                            "destination_cidr_block": "0.0.0.0/0",
                            "destination_prefix_list_id": "",
                            "egress_only_gateway_id": "",
                            "gateway_id": "igw-02c35966",
                            "id": "r-rtb-5899ec3f1080289494",
                            "instance_id": "",
                            "instance_owner_id": "",
                            "nat_gateway_id": "",
                            "network_interface_id": "",
                            "origin": "CreateRoute",
                            "route_table_id": "rtb-5899ec3f",
                            "state": "active",
                            "vpc_peering_connection_id": ""
                        },
                        "meta": {},
                        "tainted": false
                    },
                    "deposed": [],
                    "provider": ""
                },
                "aws_route_table_association.public_subnet_eu_west_1a_association": {
                    "type": "aws_route_table_association",
                    "depends_on": [
                        "aws_subnet.public_subnet",
                        "aws_vpc.vpc"
                    ],
                    "primary": {
                        "id": "rtbassoc-3a3a805c",
                        "attributes": {
                            "id": "rtbassoc-3a3a805c",
                            "route_table_id": "rtb-5899ec3f",
                            "subnet_id": "subnet-070c325f"
                        },
                        "meta": {},
                        "tainted": false
                    },
                    "deposed": [],
                    "provider": ""
                },
                "aws_security_group.bastions": {
                    "type": "aws_security_group",
                    "depends_on": [
                        "aws_vpc.vpc"
                    ],
                    "primary": {
                        "id": "sg-4a4b2033",
                        "attributes": {
                            "description": "Allow SSH traffic from the internet",
                            "egress.#": "1",
                            "egress.482069346.cidr_blocks.#": "1",
                            "egress.482069346.cidr_blocks.0": "0.0.0.0/0",
                            "egress.482069346.from_port": "0",
                            "egress.482069346.ipv6_cidr_blocks.#": "0",
                            "egress.482069346.prefix_list_ids.#": "0",
                            "egress.482069346.protocol": "-1",
                            "egress.482069346.security_groups.#": "0",
                            "egress.482069346.self": "false",
                            "egress.482069346.to_port": "0",
                            "id": "sg-4a4b2033",
                            "ingress.#": "1",
                            "ingress.2541437006.cidr_blocks.#": "1",
                            "ingress.2541437006.cidr_blocks.0": "0.0.0.0/0",
                            "ingress.2541437006.from_port": "22",
                            "ingress.2541437006.ipv6_cidr_blocks.#": "0",
                            "ingress.2541437006.protocol": "tcp",
                            "ingress.2541437006.security_groups.#": "0",
                            "ingress.2541437006.self": "false",
                            "ingress.2541437006.to_port": "22",
                            "name": "training_bastions",
                            "owner_id": "543443504517",
                            "tags.%": "0",
                            "vpc_id": "vpc-a49464c3"
                        },
                        "meta": {},
                        "tainted": false
                    },
                    "deposed": [],
                    "provider": ""
                },
                "aws_security_group.web_front": {
                    "type": "aws_security_group",
                    "depends_on": [
                        "aws_security_group.bastions",
                        "aws_vpc.vpc"
                    ],
                    "primary": {
                        "id": "sg-f74b208e",
                        "attributes": {
                            "description": "Allow SSH traffic from the internet",
                            "egress.#": "1",
                            "egress.482069346.cidr_blocks.#": "1",
                            "egress.482069346.cidr_blocks.0": "0.0.0.0/0",
                            "egress.482069346.from_port": "0",
                            "egress.482069346.ipv6_cidr_blocks.#": "0",
                            "egress.482069346.prefix_list_ids.#": "0",
                            "egress.482069346.protocol": "-1",
                            "egress.482069346.security_groups.#": "0",
                            "egress.482069346.self": "false",
                            "egress.482069346.to_port": "0",
                            "id": "sg-f74b208e",
                            "ingress.#": "2",
                            "ingress.2090949482.cidr_blocks.#": "0",
                            "ingress.2090949482.from_port": "22",
                            "ingress.2090949482.ipv6_cidr_blocks.#": "0",
                            "ingress.2090949482.protocol": "tcp",
                            "ingress.2090949482.security_groups.#": "1",
                            "ingress.2090949482.security_groups.695162175": "sg-4a4b2033",
                            "ingress.2090949482.self": "false",
                            "ingress.2090949482.to_port": "22",
                            "ingress.2214680975.cidr_blocks.#": "1",
                            "ingress.2214680975.cidr_blocks.0": "0.0.0.0/0",
                            "ingress.2214680975.from_port": "80",
                            "ingress.2214680975.ipv6_cidr_blocks.#": "0",
                            "ingress.2214680975.protocol": "tcp",
                            "ingress.2214680975.security_groups.#": "0",
                            "ingress.2214680975.self": "false",
                            "ingress.2214680975.to_port": "80",
                            "name": "training_web_front",
                            "owner_id": "543443504517",
                            "tags.%": "0",
                            "vpc_id": "vpc-a49464c3"
                        },
                        "meta": {},
                        "tainted": false
                    },
                    "deposed": [],
                    "provider": ""
                },
                "aws_subnet.public_subnet": {
                    "type": "aws_subnet",
                    "depends_on": [
                        "aws_vpc.vpc"
                    ],
                    "primary": {
                        "id": "subnet-070c325f",
                        "attributes": {
                            "assign_ipv6_address_on_creation": "false",
                            "availability_zone": "eu-west-1a",
                            "cidr_block": "10.100.1.0/24",
                            "id": "subnet-070c325f",
                            "map_public_ip_on_launch": "false",
                            "tags.%": "2",
                            "tags.Description": "training public subnet in AZ eu-west-1a",
                            "tags.Name": "training-eu-west-1a-public",
                            "vpc_id": "vpc-a49464c3"
                        },
                        "meta": {},
                        "tainted": false
                    },
                    "deposed": [],
                    "provider": ""
                },
                "aws_vpc.vpc": {
                    "type": "aws_vpc",
                    "depends_on": [],
                    "primary": {
                        "id": "vpc-a49464c3",
                        "attributes": {
                            "assign_generated_ipv6_cidr_block": "false",
                            "cidr_block": "10.100.0.0/16",
                            "default_network_acl_id": "acl-72c77f15",
                            "default_route_table_id": "rtb-5899ec3f",
                            "default_security_group_id": "sg-77741f0e",
                            "dhcp_options_id": "dopt-fe93719b",
                            "enable_classiclink": "false",
                            "enable_dns_hostnames": "true",
                            "enable_dns_support": "true",
                            "id": "vpc-a49464c3",
                            "instance_tenancy": "default",
                            "main_route_table_id": "rtb-5899ec3f",
                            "tags.%": "1",
                            "tags.Name": "training"
                        },
                        "meta": {
                            "schema_version": "1"
                        },
                        "tainted": false
                    },
                    "deposed": [],
                    "provider": ""
                }
            },
            "depends_on": []
        }
    ]
}
