{
    "version": 3,
    "terraform_version": "0.9.5",
    "serial": 20,
    "lineage": "a8598cd9-0ad9-47bd-b37b-ae54e098c33d",
    "modules": [
        {
            "path": [
                "root"
            ],
            "outputs": {
                "bastion": {
                    "sensitive": false,
                    "type": "string",
                    "value": "52.49.214.184"
                },
                "classroom": {
                    "sensitive": false,
                    "type": "list",
                    "value": [
                        "10.100.1.16",
                        "10.100.1.176"
                    ]
                }
            },
            "resources": {
                "aws_instance.bastion": {
                    "type": "aws_instance",
                    "depends_on": [
                        "aws_security_group.bastions",
                        "aws_subnet.public_subnet"
                    ],
                    "primary": {
                        "id": "i-0ff61316bd6120fa5",
                        "attributes": {
                            "ami": "ami-e079f893",
                            "associate_public_ip_address": "true",
                            "availability_zone": "eu-west-1a",
                            "disable_api_termination": "false",
                            "ebs_block_device.#": "0",
                            "ebs_optimized": "false",
                            "ephemeral_block_device.#": "0",
                            "iam_instance_profile": "",
                            "id": "i-0ff61316bd6120fa5",
                            "instance_state": "running",
                            "instance_type": "t2.micro",
                            "ipv6_address_count": "0",
                            "ipv6_addresses.#": "0",
                            "key_name": "amaury_aws",
                            "monitoring": "false",
                            "network_interface.#": "0",
                            "network_interface_id": "eni-1fe0f613",
                            "primary_network_interface_id": "eni-1fe0f613",
                            "private_dns": "ip-10-100-1-76.eu-west-1.compute.internal",
                            "private_ip": "10.100.1.76",
                            "public_dns": "ec2-52-49-214-184.eu-west-1.compute.amazonaws.com",
                            "public_ip": "52.49.214.184",
                            "root_block_device.#": "1",
                            "root_block_device.0.delete_on_termination": "true",
                            "root_block_device.0.iops": "100",
                            "root_block_device.0.volume_size": "8",
                            "root_block_device.0.volume_type": "gp2",
                            "security_groups.#": "0",
                            "source_dest_check": "true",
                            "subnet_id": "subnet-45bab21d",
                            "tags.%": "1",
                            "tags.Name": "training-training-eu-west-1a",
                            "tenancy": "default",
                            "volume_tags.%": "0",
                            "vpc_security_group_ids.#": "1",
                            "vpc_security_group_ids.1173790882": "sg-fa6a5983"
                        },
                        "meta": {
                            "schema_version": "1"
                        },
                        "tainted": false
                    },
                    "deposed": [],
                    "provider": ""
                },
                "aws_instance.classroom.0": {
                    "type": "aws_instance",
                    "depends_on": [
                        "aws_security_group.web_front",
                        "aws_subnet.public_subnet"
                    ],
                    "primary": {
                        "id": "i-0d79451de718e0895",
                        "attributes": {
                            "ami": "ami-e079f893",
                            "associate_public_ip_address": "true",
                            "availability_zone": "eu-west-1a",
                            "disable_api_termination": "false",
                            "ebs_block_device.#": "0",
                            "ebs_optimized": "false",
                            "ephemeral_block_device.#": "0",
                            "iam_instance_profile": "",
                            "id": "i-0d79451de718e0895",
                            "instance_state": "running",
                            "instance_type": "t2.micro",
                            "ipv6_address_count": "0",
                            "ipv6_addresses.#": "0",
                            "key_name": "amaury_aws",
                            "monitoring": "false",
                            "network_interface.#": "0",
                            "network_interface_id": "eni-92e3f59e",
                            "primary_network_interface_id": "eni-92e3f59e",
                            "private_dns": "ip-10-100-1-16.eu-west-1.compute.internal",
                            "private_ip": "10.100.1.16",
                            "public_dns": "ec2-52-214-25-98.eu-west-1.compute.amazonaws.com",
                            "public_ip": "52.214.25.98",
                            "root_block_device.#": "1",
                            "root_block_device.0.delete_on_termination": "true",
                            "root_block_device.0.iops": "100",
                            "root_block_device.0.volume_size": "8",
                            "root_block_device.0.volume_type": "gp2",
                            "security_groups.#": "0",
                            "source_dest_check": "true",
                            "subnet_id": "subnet-45bab21d",
                            "tags.%": "1",
                            "tags.Name": "training-0-eu-west-1a",
                            "tenancy": "default",
                            "volume_tags.%": "0",
                            "vpc_security_group_ids.#": "1",
                            "vpc_security_group_ids.4102323992": "sg-7f685b06"
                        },
                        "meta": {
                            "schema_version": "1"
                        },
                        "tainted": false
                    },
                    "deposed": [],
                    "provider": ""
                },
                "aws_instance.classroom.1": {
                    "type": "aws_instance",
                    "depends_on": [
                        "aws_security_group.web_front",
                        "aws_subnet.public_subnet"
                    ],
                    "primary": {
                        "id": "i-0b75f9c31a03cf39e",
                        "attributes": {
                            "ami": "ami-e079f893",
                            "associate_public_ip_address": "true",
                            "availability_zone": "eu-west-1a",
                            "disable_api_termination": "false",
                            "ebs_block_device.#": "0",
                            "ebs_optimized": "false",
                            "ephemeral_block_device.#": "0",
                            "iam_instance_profile": "",
                            "id": "i-0b75f9c31a03cf39e",
                            "instance_state": "running",
                            "instance_type": "t2.micro",
                            "ipv6_address_count": "0",
                            "ipv6_addresses.#": "0",
                            "key_name": "amaury_aws",
                            "monitoring": "false",
                            "network_interface.#": "0",
                            "network_interface_id": "eni-9ce7f190",
                            "primary_network_interface_id": "eni-9ce7f190",
                            "private_dns": "ip-10-100-1-176.eu-west-1.compute.internal",
                            "private_ip": "10.100.1.176",
                            "public_dns": "ec2-34-253-170-149.eu-west-1.compute.amazonaws.com",
                            "public_ip": "34.253.170.149",
                            "root_block_device.#": "1",
                            "root_block_device.0.delete_on_termination": "true",
                            "root_block_device.0.iops": "100",
                            "root_block_device.0.volume_size": "8",
                            "root_block_device.0.volume_type": "gp2",
                            "security_groups.#": "0",
                            "source_dest_check": "true",
                            "subnet_id": "subnet-45bab21d",
                            "tags.%": "1",
                            "tags.Name": "training-1-eu-west-1a",
                            "tenancy": "default",
                            "volume_tags.%": "0",
                            "vpc_security_group_ids.#": "1",
                            "vpc_security_group_ids.4102323992": "sg-7f685b06"
                        },
                        "meta": {
                            "schema_version": "1"
                        },
                        "tainted": false
                    },
                    "deposed": [],
                    "provider": ""
                },
                "aws_internet_gateway.gw": {
                    "type": "aws_internet_gateway",
                    "depends_on": [
                        "aws_vpc.vpc"
                    ],
                    "primary": {
                        "id": "igw-35add851",
                        "attributes": {
                            "id": "igw-35add851",
                            "tags.%": "1",
                            "tags.Name": "InternetGateway",
                            "vpc_id": "vpc-af76bac8"
                        },
                        "meta": {},
                        "tainted": false
                    },
                    "deposed": [],
                    "provider": ""
                },
                "aws_route.internet_access": {
                    "type": "aws_route",
                    "depends_on": [
                        "aws_internet_gateway.gw",
                        "aws_vpc.vpc"
                    ],
                    "primary": {
                        "id": "r-rtb-a6134dc11080289494",
                        "attributes": {
                            "destination_cidr_block": "0.0.0.0/0",
                            "destination_prefix_list_id": "",
                            "egress_only_gateway_id": "",
                            "gateway_id": "igw-35add851",
                            "id": "r-rtb-a6134dc11080289494",
                            "instance_id": "",
                            "instance_owner_id": "",
                            "nat_gateway_id": "",
                            "network_interface_id": "",
                            "origin": "CreateRoute",
                            "route_table_id": "rtb-a6134dc1",
                            "state": "active",
                            "vpc_peering_connection_id": ""
                        },
                        "meta": {},
                        "tainted": false
                    },
                    "deposed": [],
                    "provider": ""
                },
                "aws_route_table_association.public_subnet_eu_west_1a_association": {
                    "type": "aws_route_table_association",
                    "depends_on": [
                        "aws_subnet.public_subnet",
                        "aws_vpc.vpc"
                    ],
                    "primary": {
                        "id": "rtbassoc-5feb8639",
                        "attributes": {
                            "id": "rtbassoc-5feb8639",
                            "route_table_id": "rtb-a6134dc1",
                            "subnet_id": "subnet-45bab21d"
                        },
                        "meta": {},
                        "tainted": false
                    },
                    "deposed": [],
                    "provider": ""
                },
                "aws_security_group.bastions": {
                    "type": "aws_security_group",
                    "depends_on": [
                        "aws_vpc.vpc"
                    ],
                    "primary": {
                        "id": "sg-fa6a5983",
                        "attributes": {
                            "description": "Allow SSH traffic from the internet",
                            "egress.#": "1",
                            "egress.482069346.cidr_blocks.#": "1",
                            "egress.482069346.cidr_blocks.0": "0.0.0.0/0",
                            "egress.482069346.from_port": "0",
                            "egress.482069346.ipv6_cidr_blocks.#": "0",
                            "egress.482069346.prefix_list_ids.#": "0",
                            "egress.482069346.protocol": "-1",
                            "egress.482069346.security_groups.#": "0",
                            "egress.482069346.self": "false",
                            "egress.482069346.to_port": "0",
                            "id": "sg-fa6a5983",
                            "ingress.#": "1",
                            "ingress.2541437006.cidr_blocks.#": "1",
                            "ingress.2541437006.cidr_blocks.0": "0.0.0.0/0",
                            "ingress.2541437006.from_port": "22",
                            "ingress.2541437006.ipv6_cidr_blocks.#": "0",
                            "ingress.2541437006.protocol": "tcp",
                            "ingress.2541437006.security_groups.#": "0",
                            "ingress.2541437006.self": "false",
                            "ingress.2541437006.to_port": "22",
                            "name": "training_bastions",
                            "owner_id": "543443504517",
                            "tags.%": "0",
                            "vpc_id": "vpc-af76bac8"
                        },
                        "meta": {},
                        "tainted": false
                    },
                    "deposed": [],
                    "provider": ""
                },
                "aws_security_group.web_front": {
                    "type": "aws_security_group",
                    "depends_on": [
                        "aws_security_group.bastions",
                        "aws_vpc.vpc"
                    ],
                    "primary": {
                        "id": "sg-7f685b06",
                        "attributes": {
                            "description": "Allow SSH traffic from the internet",
                            "egress.#": "1",
                            "egress.482069346.cidr_blocks.#": "1",
                            "egress.482069346.cidr_blocks.0": "0.0.0.0/0",
                            "egress.482069346.from_port": "0",
                            "egress.482069346.ipv6_cidr_blocks.#": "0",
                            "egress.482069346.prefix_list_ids.#": "0",
                            "egress.482069346.protocol": "-1",
                            "egress.482069346.security_groups.#": "0",
                            "egress.482069346.self": "false",
                            "egress.482069346.to_port": "0",
                            "id": "sg-7f685b06",
                            "ingress.#": "2",
                            "ingress.2214680975.cidr_blocks.#": "1",
                            "ingress.2214680975.cidr_blocks.0": "0.0.0.0/0",
                            "ingress.2214680975.from_port": "80",
                            "ingress.2214680975.ipv6_cidr_blocks.#": "0",
                            "ingress.2214680975.protocol": "tcp",
                            "ingress.2214680975.security_groups.#": "0",
                            "ingress.2214680975.self": "false",
                            "ingress.2214680975.to_port": "80",
                            "ingress.4067634534.cidr_blocks.#": "0",
                            "ingress.4067634534.from_port": "22",
                            "ingress.4067634534.ipv6_cidr_blocks.#": "0",
                            "ingress.4067634534.protocol": "tcp",
                            "ingress.4067634534.security_groups.#": "1",
                            "ingress.4067634534.security_groups.1173790882": "sg-fa6a5983",
                            "ingress.4067634534.self": "false",
                            "ingress.4067634534.to_port": "22",
                            "name": "training_web_front",
                            "owner_id": "543443504517",
                            "tags.%": "0",
                            "vpc_id": "vpc-af76bac8"
                        },
                        "meta": {},
                        "tainted": false
                    },
                    "deposed": [],
                    "provider": ""
                },
                "aws_subnet.public_subnet": {
                    "type": "aws_subnet",
                    "depends_on": [
                        "aws_vpc.vpc"
                    ],
                    "primary": {
                        "id": "subnet-45bab21d",
                        "attributes": {
                            "assign_ipv6_address_on_creation": "false",
                            "availability_zone": "eu-west-1a",
                            "cidr_block": "10.100.1.0/24",
                            "id": "subnet-45bab21d",
                            "map_public_ip_on_launch": "false",
                            "tags.%": "2",
                            "tags.Description": "training public subnet in AZ eu-west-1a",
                            "tags.Name": "training-eu-west-1a-public",
                            "vpc_id": "vpc-af76bac8"
                        },
                        "meta": {
                            "schema_version": "1"
                        },
                        "tainted": false
                    },
                    "deposed": [],
                    "provider": ""
                },
                "aws_vpc.vpc": {
                    "type": "aws_vpc",
                    "depends_on": [],
                    "primary": {
                        "id": "vpc-af76bac8",
                        "attributes": {
                            "assign_generated_ipv6_cidr_block": "false",
                            "cidr_block": "10.100.0.0/16",
                            "default_network_acl_id": "acl-c53cada2",
                            "default_route_table_id": "rtb-a6134dc1",
                            "default_security_group_id": "sg-38675441",
                            "dhcp_options_id": "dopt-fe93719b",
                            "enable_classiclink": "false",
                            "enable_dns_hostnames": "true",
                            "enable_dns_support": "true",
                            "id": "vpc-af76bac8",
                            "instance_tenancy": "default",
                            "main_route_table_id": "rtb-a6134dc1",
                            "tags.%": "1",
                            "tags.Name": "training"
                        },
                        "meta": {
                            "schema_version": "1"
                        },
                        "tainted": false
                    },
                    "deposed": [],
                    "provider": ""
                }
            },
            "depends_on": []
        }
    ]
}
